// !$*UTF8*$!
{
	archiveVersion = 1;
	classes = {
	};
	objectVersion = 77;
	objects = {

/* Begin PBXBuildFile section */
		DD1F01682EFBF5FB00B753FB /* LaunchScreen.storyboard in Resources */ = {isa = PBXBuildFile; fileRef = DD1F01672EFBF5FB00B753FB /* LaunchScreen.storyboard */; };
		DD426D362EFBF2D1005CD0FA /* WaterfallGrid in Frameworks */ = {isa = PBXBuildFile; productRef = DD426D352EFBF2D1005CD0FA /* WaterfallGrid */; };
		DD426D392EFBF2E1005CD0FA /* AlertToast in Frameworks */ = {isa = PBXBuildFile; productRef = DD426D382EFBF2E1005CD0FA /* AlertToast */; };
		DDF76AFC2F1645A100984DB2 /* .env in Resources */ = {isa = PBXBuildFile; fileRef = DDF76AF42F1645A100984DB2 /* .env */; };
		DDF76AFD2F1645A100984DB2 /* report.xml in Resources */ = {isa = PBXBuildFile; fileRef = DDF76AFA2F1645A100984DB2 /* report.xml */; };
		DDF76AFE2F1645A100984DB2 /* Pluginfile in Resources */ = {isa = PBXBuildFile; fileRef = DDF76AF82F1645A100984DB2 /* Pluginfile */; };
		DDF76AFF2F1645A100984DB2 /* Appfile in Resources */ = {isa = PBXBuildFile; fileRef = DDF76AF52F1645A100984DB2 /* Appfile */; };
		DDF76B002F1645A100984DB2 /* Fastfile in Resources */ = {isa = PBXBuildFile; fileRef = DDF76AF62F1645A100984DB2 /* Fastfile */; };
		DDF76B012F1645A100984DB2 /* README.md in Resources */ = {isa = PBXBuildFile; fileRef = DDF76AF92F1645A100984DB2 /* README.md */; };
		DDF76B022F1645A100984DB2 /* Matchfile in Resources */ = {isa = PBXBuildFile; fileRef = DDF76AF72F1645A100984DB2 /* Matchfile */; };
		DDF76B042F16470100984DB2 /* AuthKey_V46R39MCS2.p8 in Resources */ = {isa = PBXBuildFile; fileRef = DDF76B032F16470100984DB2 /* AuthKey_V46R39MCS2.p8 */; };
/* End PBXBuildFile section */

/* Begin PBXFileReference section */
		DD1F01672EFBF5FB00B753FB /* LaunchScreen.storyboard */ = {isa = PBXFileReference; lastKnownFileType = file.storyboard; path = LaunchScreen.storyboard; sourceTree = "<group>"; };
		DD426D262EFBF2BB005CD0FA /* Ornix.app */ = {isa = PBXFileReference; explicitFileType = wrapper.application; includeInIndex = 0; path = Ornix.app; sourceTree = BUILT_PRODUCTS_DIR; };
		DDF76AF42F1645A100984DB2 /* .env */ = {isa = PBXFileReference; lastKnownFileType = text; path = .env; sourceTree = "<group>"; };
		DDF76AF52F1645A100984DB2 /* Appfile */ = {isa = PBXFileReference; lastKnownFileType = text; path = Appfile; sourceTree = "<group>"; };
		DDF76AF62F1645A100984DB2 /* Fastfile */ = {isa = PBXFileReference; lastKnownFileType = text; path = Fastfile; sourceTree = "<group>"; };
		DDF76AF72F1645A100984DB2 /* Matchfile */ = {isa = PBXFileReference; lastKnownFileType = text; path = Matchfile; sourceTree = "<group>"; };
		DDF76AF82F1645A100984DB2 /* Pluginfile */ = {isa = PBXFileReference; lastKnownFileType = text; path = Pluginfile; sourceTree = "<group>"; };
		DDF76AF92F1645A100984DB2 /* README.md */ = {isa = PBXFileReference; lastKnownFileType = net.daringfireball.markdown; path = README.md; sourceTree = "<group>"; };
		DDF76AFA2F1645A100984DB2 /* report.xml */ = {isa = PBXFileReference; lastKnownFileType = text.xml; path = report.xml; sourceTree = "<group>"; };
		DDF76B032F16470100984DB2 /* AuthKey_V46R39MCS2.p8 */ = {isa = PBXFileReference; lastKnownFileType = text; path = AuthKey_V46R39MCS2.p8; sourceTree = "<group>"; };
/* End PBXFileReference section */

/* Begin PBXFileSystemSynchronizedRootGroup section */
		DD426D282EFBF2BB005CD0FA /* Ornix */ = {
			isa = PBXFileSystemSynchronizedRootGroup;
			path = Ornix;
			sourceTree = "<group>";
		};
		DDDA5E0F2EFCD39A0053E6E3 /* Videos */ = {
			isa = PBXFileSystemSynchronizedRootGroup;
			path = Videos;
			sourceTree = "<group>";
		};
		DDF76AF02F16455E00984DB2 /* .circleci */ = {
			isa = PBXFileSystemSynchronizedRootGroup;
			path = .circleci;
			sourceTree = "<group>";
		};
/* End PBXFileSystemSynchronizedRootGroup section */

/* Begin PBXFrameworksBuildPhase section */
		DD426D232EFBF2BB005CD0FA /* Frameworks */ = {
			isa = PBXFrameworksBuildPhase;
			buildActionMask = 2147483647;
			files = (
				DD426D362EFBF2D1005CD0FA /* WaterfallGrid in Frameworks */,
				DD426D392EFBF2E1005CD0FA /* AlertToast in Frameworks */,
			);
			runOnlyForDeploymentPostprocessing = 0;
		};
/* End PBXFrameworksBuildPhase section */

/* Begin PBXGroup section */
		DD426D1D2EFBF2BB005CD0FA = {
			isa = PBXGroup;
			children = (
				DDF76AF02F16455E00984DB2 /* .circleci */,
				DDDA5E0F2EFCD39A0053E6E3 /* Videos */,
				DD426D282EFBF2BB005CD0FA /* Ornix */,
				DD426D272EFBF2BB005CD0FA /* Products */,
				DD1F01672EFBF5FB00B753FB /* LaunchScreen.storyboard */,
				DDF76AFB2F1645A100984DB2 /* fastlane */,
				DDF76B032F16470100984DB2 /* AuthKey_V46R39MCS2.p8 */,
			);
			sourceTree = "<group>";
		};
		DD426D272EFBF2BB005CD0FA /* Products */ = {
			isa = PBXGroup;
			children = (
				DD426D262EFBF2BB005CD0FA /* Ornix.app */,
			);
			name = Products;
			sourceTree = "<group>";
		};
		DDF76AF22F1645A100984DB2 /* metadata */ = {
			isa = PBXGroup;
			children = (
			);
			path = metadata;
			sourceTree = "<group>";
		};
		DDF76AF32F1645A100984DB2 /* screenshots */ = {
			isa = PBXGroup;
			children = (
			);
			path = screenshots;
			sourceTree = "<group>";
		};
		DDF76AFB2F1645A100984DB2 /* fastlane */ = {
			isa = PBXGroup;
			children = (
				DDF76AF22F1645A100984DB2 /* metadata */,
				DDF76AF32F1645A100984DB2 /* screenshots */,
				DDF76AF42F1645A100984DB2 /* .env */,
				DDF76AF52F1645A100984DB2 /* Appfile */,
				DDF76AF62F1645A100984DB2 /* Fastfile */,
				DDF76AF72F1645A100984DB2 /* Matchfile */,
				DDF76AF82F1645A100984DB2 /* Pluginfile */,
				DDF76AF92F1645A100984DB2 /* README.md */,
				DDF76AFA2F1645A100984DB2 /* report.xml */,
			);
			path = fastlane;
			sourceTree = "<group>";
		};
/* End PBXGroup section */

/* Begin PBXNativeTarget section */
		DD426D252EFBF2BB005CD0FA /* Ornix */ = {
			isa = PBXNativeTarget;
			buildConfigurationList = DD426D312EFBF2BC005CD0FA /* Build configuration list for PBXNativeTarget "Ornix" */;
			buildPhases = (
				DD426D222EFBF2BB005CD0FA /* Sources */,
				DD426D232EFBF2BB005CD0FA /* Frameworks */,
				DD426D242EFBF2BB005CD0FA /* Resources */,
			);
			buildRules = (
			);
			dependencies = (
			);
			fileSystemSynchronizedGroups = (
				DD426D282EFBF2BB005CD0FA /* Ornix */,
				DDDA5E0F2EFCD39A0053E6E3 /* Videos */,
				DDF76AF02F16455E00984DB2 /* .circleci */,
			);
			name = Ornix;
			packageProductDependencies = (
				DD426D352EFBF2D1005CD0FA /* WaterfallGrid */,
				DD426D382EFBF2E1005CD0FA /* AlertToast */,
			);
			productName = Ornix;
			productReference = DD426D262EFBF2BB005CD0FA /* Ornix.app */;
			productType = "com.apple.product-type.application";
		};
/* End PBXNativeTarget section */

/* Begin PBXProject section */
		DD426D1E2EFBF2BB005CD0FA /* Project object */ = {
			isa = PBXProject;
			attributes = {
				BuildIndependentTargetsInParallel = 1;
				LastSwiftUpdateCheck = 2610;
				LastUpgradeCheck = 2610;
				TargetAttributes = {
					DD426D252EFBF2BB005CD0FA = {
						CreatedOnToolsVersion = 26.1.1;
					};
				};
			};
			buildConfigurationList = DD426D212EFBF2BB005CD0FA /* Build configuration list for PBXProject "Ornix" */;
			developmentRegion = en;
			hasScannedForEncodings = 0;
			knownRegions = (
				en,
				Base,
			);
			mainGroup = DD426D1D2EFBF2BB005CD0FA;
			minimizedProjectReferenceProxies = 1;
			packageReferences = (
				DD426D342EFBF2D1005CD0FA /* XCRemoteSwiftPackageReference "WaterfallGrid" */,
				DD426D372EFBF2E1005CD0FA /* XCRemoteSwiftPackageReference "AlertToast" */,
			);
			preferredProjectObjectVersion = 77;
			productRefGroup = DD426D272EFBF2BB005CD0FA /* Products */;
			projectDirPath = "";
			projectRoot = "";
			targets = (
				DD426D252EFBF2BB005CD0FA /* Ornix */,
			);
		};
/* End PBXProject section */

/* Begin PBXResourcesBuildPhase section */
		DD426D242EFBF2BB005CD0FA /* Resources */ = {
			isa = PBXResourcesBuildPhase;
			buildActionMask = 2147483647;
			files = (
				DD1F01682EFBF5FB00B753FB /* LaunchScreen.storyboard in Resources */,
				DDF76AFC2F1645A100984DB2 /* .env in Resources */,
				DDF76B042F16470100984DB2 /* AuthKey_V46R39MCS2.p8 in Resources */,
				DDF76AFD2F1645A100984DB2 /* report.xml in Resources */,
				DDF76AFE2F1645A100984DB2 /* Pluginfile in Resources */,
				DDF76AFF2F1645A100984DB2 /* Appfile in Resources */,
				DDF76B002F1645A100984DB2 /* Fastfile in Resources */,
				DDF76B012F1645A100984DB2 /* README.md in Resources */,
				DDF76B022F1645A100984DB2 /* Matchfile in Resources */,
			);
			runOnlyForDeploymentPostprocessing = 0;
		};
/* End PBXResourcesBuildPhase section */

/* Begin PBXSourcesBuildPhase section */
		DD426D222EFBF2BB005CD0FA /* Sources */ = {
			isa = PBXSourcesBuildPhase;
			buildActionMask = 2147483647;
			files = (
			);
			runOnlyForDeploymentPostprocessing = 0;
		};
/* End PBXSourcesBuildPhase section */

/* Begin XCBuildConfiguration section */
		DD426D2F2EFBF2BC005CD0FA /* Debug */ = {
			isa = XCBuildConfiguration;
			buildSettings = {
				ALWAYS_SEARCH_USER_PATHS = NO;
				ASSETCATALOG_COMPILER_GENERATE_SWIFT_ASSET_SYMBOL_EXTENSIONS = YES;
				CLANG_ANALYZER_NONNULL = YES;
				CLANG_ANALYZER_NUMBER_OBJECT_CONVERSION = YES_AGGRESSIVE;
				CLANG_CXX_LANGUAGE_STANDARD = "gnu++20";
				CLANG_ENABLE_MODULES = YES;
				CLANG_ENABLE_OBJC_ARC = YES;
				CLANG_ENABLE_OBJC_WEAK = YES;
				CLANG_WARN_BLOCK_CAPTURE_AUTORELEASING = YES;
				CLANG_WARN_BOOL_CONVERSION = YES;
				CLANG_WARN_COMMA = YES;
				CLANG_WARN_CONSTANT_CONVERSION = YES;
				CLANG_WARN_DEPRECATED_OBJC_IMPLEMENTATIONS = YES;
				CLANG_WARN_DIRECT_OBJC_ISA_USAGE = YES_ERROR;
				CLANG_WARN_DOCUMENTATION_COMMENTS = YES;
				CLANG_WARN_EMPTY_BODY = YES;
				CLANG_WARN_ENUM_CONVERSION = YES;
				CLANG_WARN_INFINITE_RECURSION = YES;
				CLANG_WARN_INT_CONVERSION = YES;
				CLANG_WARN_NON_LITERAL_NULL_CONVERSION = YES;
				CLANG_WARN_OBJC_IMPLICIT_RETAIN_SELF = YES;
				CLANG_WARN_OBJC_LITERAL_CONVERSION = YES;
				CLANG_WARN_OBJC_ROOT_CLASS = YES_ERROR;
				CLANG_WARN_QUOTED_INCLUDE_IN_FRAMEWORK_HEADER = YES;
				CLANG_WARN_RANGE_LOOP_ANALYSIS = YES;
				CLANG_WARN_STRICT_PROTOTYPES = YES;
				CLANG_WARN_SUSPICIOUS_MOVE = YES;
				CLANG_WARN_UNGUARDED_AVAILABILITY = YES_AGGRESSIVE;
				CLANG_WARN_UNREACHABLE_CODE = YES;
				CLANG_WARN__DUPLICATE_METHOD_MATCH = YES;
				COPY_PHASE_STRIP = NO;
				DEBUG_INFORMATION_FORMAT = dwarf;
				DEVELOPMENT_TEAM = 6NUFR97X3A;
				ENABLE_STRICT_OBJC_MSGSEND = YES;
				ENABLE_TESTABILITY = YES;
				ENABLE_USER_SCRIPT_SANDBOXING = YES;
				GCC_C_LANGUAGE_STANDARD = gnu17;
				GCC_DYNAMIC_NO_PIC = NO;
				GCC_NO_COMMON_BLOCKS = YES;
				GCC_OPTIMIZATION_LEVEL = 0;
				GCC_PREPROCESSOR_DEFINITIONS = (
					"DEBUG=1",
					"$(inherited)",
				);
				GCC_WARN_64_TO_32_BIT_CONVERSION = YES;
				GCC_WARN_ABOUT_RETURN_TYPE = YES_ERROR;
				GCC_WARN_UNDECLARED_SELECTOR = YES;
				GCC_WARN_UNINITIALIZED_AUTOS = YES_AGGRESSIVE;
				GCC_WARN_UNUSED_FUNCTION = YES;
				GCC_WARN_UNUSED_VARIABLE = YES;
				IPHONEOS_DEPLOYMENT_TARGET = 26.1;
				LOCALIZATION_PREFERS_STRING_CATALOGS = YES;
				MTL_ENABLE_DEBUG_INFO = INCLUDE_SOURCE;
				MTL_FAST_MATH = YES;
				ONLY_ACTIVE_ARCH = YES;
				SDKROOT = iphoneos;
				SWIFT_ACTIVE_COMPILATION_CONDITIONS = "DEBUG $(inherited)";
				SWIFT_OPTIMIZATION_LEVEL = "-Onone";
			};
			name = Debug;
		};
		DD426D302EFBF2BC005CD0FA /* Release */ = {
			isa = XCBuildConfiguration;
			buildSettings = {
				ALWAYS_SEARCH_USER_PATHS = NO;
				ASSETCATALOG_COMPILER_GENERATE_SWIFT_ASSET_SYMBOL_EXTENSIONS = YES;
				CLANG_ANALYZER_NONNULL = YES;
				CLANG_ANALYZER_NUMBER_OBJECT_CONVERSION = YES_AGGRESSIVE;
				CLANG_CXX_LANGUAGE_STANDARD = "gnu++20";
				CLANG_ENABLE_MODULES = YES;
				CLANG_ENABLE_OBJC_ARC = YES;
				CLANG_ENABLE_OBJC_WEAK = YES;
				CLANG_WARN_BLOCK_CAPTURE_AUTORELEASING = YES;
				CLANG_WARN_BOOL_CONVERSION = YES;
				CLANG_WARN_COMMA = YES;
				CLANG_WARN_CONSTANT_CONVERSION = YES;
				CLANG_WARN_DEPRECATED_OBJC_IMPLEMENTATIONS = YES;
				CLANG_WARN_DIRECT_OBJC_ISA_USAGE = YES_ERROR;
				CLANG_WARN_DOCUMENTATION_COMMENTS = YES;
				CLANG_WARN_EMPTY_BODY = YES;
				CLANG_WARN_ENUM_CONVERSION = YES;
				CLANG_WARN_INFINITE_RECURSION = YES;
				CLANG_WARN_INT_CONVERSION = YES;
				CLANG_WARN_NON_LITERAL_NULL_CONVERSION = YES;
				CLANG_WARN_OBJC_IMPLICIT_RETAIN_SELF = YES;
				CLANG_WARN_OBJC_LITERAL_CONVERSION = YES;
				CLANG_WARN_OBJC_ROOT_CLASS = YES_ERROR;
				CLANG_WARN_QUOTED_INCLUDE_IN_FRAMEWORK_HEADER = YES;
				CLANG_WARN_RANGE_LOOP_ANALYSIS = YES;
				CLANG_WARN_STRICT_PROTOTYPES = YES;
				CLANG_WARN_SUSPICIOUS_MOVE = YES;
				CLANG_WARN_UNGUARDED_AVAILABILITY = YES_AGGRESSIVE;
				CLANG_WARN_UNREACHABLE_CODE = YES;
				CLANG_WARN__DUPLICATE_METHOD_MATCH = YES;
				COPY_PHASE_STRIP = NO;
				DEBUG_INFORMATION_FORMAT = "dwarf-with-dsym";
				DEVELOPMENT_TEAM = 6NUFR97X3A;
				ENABLE_NS_ASSERTIONS = NO;
				ENABLE_STRICT_OBJC_MSGSEND = YES;
				ENABLE_USER_SCRIPT_SANDBOXING = YES;
				GCC_C_LANGUAGE_STANDARD = gnu17;
				GCC_NO_COMMON_BLOCKS = YES;
				GCC_WARN_64_TO_32_BIT_CONVERSION = YES;
				GCC_WARN_ABOUT_RETURN_TYPE = YES_ERROR;
				GCC_WARN_UNDECLARED_SELECTOR = YES;
				GCC_WARN_UNINITIALIZED_AUTOS = YES_AGGRESSIVE;
				GCC_WARN_UNUSED_FUNCTION = YES;
				GCC_WARN_UNUSED_VARIABLE = YES;
				IPHONEOS_DEPLOYMENT_TARGET = 26.1;
				LOCALIZATION_PREFERS_STRING_CATALOGS = YES;
				MTL_ENABLE_DEBUG_INFO = NO;
				MTL_FAST_MATH = YES;
				SDKROOT = iphoneos;
				SWIFT_COMPILATION_MODE = wholemodule;
				VALIDATE_PRODUCT = YES;
			};
			name = Release;
		};
		DD426D322EFBF2BC005CD0FA /* Debug */ = {
			isa = XCBuildConfiguration;
			buildSettings = {
				ASSETCATALOG_COMPILER_APPICON_NAME = AppIcon;
				ASSETCATALOG_COMPILER_GLOBAL_ACCENT_COLOR_NAME = AccentColor;
				CODE_SIGN_STYLE = Automatic;
				CURRENT_PROJECT_VERSION = 1;
				DEVELOPMENT_TEAM = "";
				ENABLE_PREVIEWS = YES;
				GENERATE_INFOPLIST_FILE = YES;
				INFOPLIST_FILE = Ornix/Info.plist;
				INFOPLIST_KEY_NSCameraUsageDescription = "This app requires access to your camera for recording, allowing you to shoot and upload videos or photos and change your personal profile picture.  All photo data will be securely stored on your personal device.  We will only upload or share them with your explicit consent.";
				INFOPLIST_KEY_NSMicrophoneUsageDescription = "This app requires access to your microphone for recording, which is a key feature for supporting voice chat.  Please rest assured that we will only access or use the recorded audio content after obtaining your explicit permission.";
				INFOPLIST_KEY_NSPhotoLibraryUsageDescription = "This app needs to access your album to select pictures, so that you can choose and upload videos and pictures.  Any files you choose will only be used for the purposes you have approved.  They will be securely stored on your device and can only be shared with your consent.";
				INFOPLIST_KEY_UIApplicationSceneManifest_Generation = YES;
				INFOPLIST_KEY_UIApplicationSupportsIndirectInputEvents = YES;
				INFOPLIST_KEY_UILaunchScreen_Generation = YES;
				INFOPLIST_KEY_UILaunchStoryboardName = LaunchScreen;
				INFOPLIST_KEY_UISupportedInterfaceOrientations = UIInterfaceOrientationPortrait;
				INFOPLIST_KEY_UISupportedInterfaceOrientations_iPad = "UIInterfaceOrientationPortrait UIInterfaceOrientationPortraitUpsideDown UIInterfaceOrientationLandscapeLeft UIInterfaceOrientationLandscapeRight";
				INFOPLIST_KEY_UISupportedInterfaceOrientations_iPhone = "UIInterfaceOrientationPortrait UIInterfaceOrientationLandscapeLeft UIInterfaceOrientationLandscapeRight";
				IPHONEOS_DEPLOYMENT_TARGET = 16.6;
				LD_RUNPATH_SEARCH_PATHS = (
					"$(inherited)",
					"@executable_path/Frameworks",
				);
				MARKETING_VERSION = 1.0;
				PRODUCT_BUNDLE_IDENTIFIER = com.romfeminineantic.ornix;
				PRODUCT_NAME = "$(TARGET_NAME)";
				STRING_CATALOG_GENERATE_SYMBOLS = YES;
				SWIFT_APPROACHABLE_CONCURRENCY = YES;
				SWIFT_DEFAULT_ACTOR_ISOLATION = MainActor;
				SWIFT_EMIT_LOC_STRINGS = YES;
				SWIFT_UPCOMING_FEATURE_MEMBER_IMPORT_VISIBILITY = YES;
				SWIFT_VERSION = 5.0;
				TARGETED_DEVICE_FAMILY = "1,2";
				Targeted_Device_Family = 1;
			};
			name = Debug;
		};
		DD426D332EFBF2BC005CD0FA /* Release */ = {
			isa = XCBuildConfiguration;
			buildSettings = {
				ASSETCATALOG_COMPILER_APPICON_NAME = AppIcon;
				ASSETCATALOG_COMPILER_GLOBAL_ACCENT_COLOR_NAME = AccentColor;
				CODE_SIGN_STYLE = Automatic;
				CURRENT_PROJECT_VERSION = 1;
				DEVELOPMENT_TEAM = "";
				ENABLE_PREVIEWS = YES;
				GENERATE_INFOPLIST_FILE = YES;
				INFOPLIST_FILE = Ornix/Info.plist;
				INFOPLIST_KEY_NSCameraUsageDescription = "This app requires access to your camera for recording, allowing you to shoot and upload videos or photos and change your personal profile picture.  All photo data will be securely stored on your personal device.  We will only upload or share them with your explicit consent.";
				INFOPLIST_KEY_NSMicrophoneUsageDescription = "This app requires access to your microphone for recording, which is a key feature for supporting voice chat.  Please rest assured that we will only access or use the recorded audio content after obtaining your explicit permission.";
				INFOPLIST_KEY_NSPhotoLibraryUsageDescription = "This app needs to access your album to select pictures, so that you can choose and upload videos and pictures.  Any files you choose will only be used for the purposes you have approved.  They will be securely stored on your device and can only be shared with your consent.";
				INFOPLIST_KEY_UIApplicationSceneManifest_Generation = YES;
				INFOPLIST_KEY_UIApplicationSupportsIndirectInputEvents = YES;
				INFOPLIST_KEY_UILaunchScreen_Generation = YES;
				INFOPLIST_KEY_UILaunchStoryboardName = LaunchScreen;
				INFOPLIST_KEY_UISupportedInterfaceOrientations = UIInterfaceOrientationPortrait;
				INFOPLIST_KEY_UISupportedInterfaceOrientations_iPad = "UIInterfaceOrientationPortrait UIInterfaceOrientationPortraitUpsideDown UIInterfaceOrientationLandscapeLeft UIInterfaceOrientationLandscapeRight";
				INFOPLIST_KEY_UISupportedInterfaceOrientations_iPhone = "UIInterfaceOrientationPortrait UIInterfaceOrientationLandscapeLeft UIInterfaceOrientationLandscapeRight";
				IPHONEOS_DEPLOYMENT_TARGET = 16.6;
				LD_RUNPATH_SEARCH_PATHS = (
					"$(inherited)",
					"@executable_path/Frameworks",
				);
				MARKETING_VERSION = 1.0;
				PRODUCT_BUNDLE_IDENTIFIER = com.romfeminineantic.ornix;
				PRODUCT_NAME = "$(TARGET_NAME)";
				STRING_CATALOG_GENERATE_SYMBOLS = YES;
				SWIFT_APPROACHABLE_CONCURRENCY = YES;
				SWIFT_DEFAULT_ACTOR_ISOLATION = MainActor;
				SWIFT_EMIT_LOC_STRINGS = YES;
				SWIFT_UPCOMING_FEATURE_MEMBER_IMPORT_VISIBILITY = YES;
				SWIFT_VERSION = 5.0;
				TARGETED_DEVICE_FAMILY = "1,2";
				Targeted_Device_Family = 1;
			};
			name = Release;
		};
/* End XCBuildConfiguration section */

/* Begin XCConfigurationList section */
		DD426D212EFBF2BB005CD0FA /* Build configuration list for PBXProject "Ornix" */ = {
			isa = XCConfigurationList;
			buildConfigurations = (
				DD426D2F2EFBF2BC005CD0FA /* Debug */,
				DD426D302EFBF2BC005CD0FA /* Release */,
			);
			defaultConfigurationIsVisible = 0;
			defaultConfigurationName = Release;
		};
		DD426D312EFBF2BC005CD0FA /* Build configuration list for PBXNativeTarget "Ornix" */ = {
			isa = XCConfigurationList;
			buildConfigurations = (
				DD426D322EFBF2BC005CD0FA /* Debug */,
				DD426D332EFBF2BC005CD0FA /* Release */,
			);
			defaultConfigurationIsVisible = 0;
			defaultConfigurationName = Release;
		};
/* End XCConfigurationList section */

/* Begin XCRemoteSwiftPackageReference section */
		DD426D342EFBF2D1005CD0FA /* XCRemoteSwiftPackageReference "WaterfallGrid" */ = {
			isa = XCRemoteSwiftPackageReference;
			repositoryURL = "https://github.com/paololeonardi/WaterfallGrid";
			requirement = {
				kind = upToNextMajorVersion;
				minimumVersion = 1.1.0;
			};
		};
		DD426D372EFBF2E1005CD0FA /* XCRemoteSwiftPackageReference "AlertToast" */ = {
			isa = XCRemoteSwiftPackageReference;
			repositoryURL = "https://github.com/elai950/AlertToast.git";
			requirement = {
				kind = upToNextMajorVersion;
				minimumVersion = 1.3.9;
			};
		};
/* End XCRemoteSwiftPackageReference section */

/* Begin XCSwiftPackageProductDependency section */
		DD426D352EFBF2D1005CD0FA /* WaterfallGrid */ = {
			isa = XCSwiftPackageProductDependency;
			package = DD426D342EFBF2D1005CD0FA /* XCRemoteSwiftPackageReference "WaterfallGrid" */;
			productName = WaterfallGrid;
		};
		DD426D382EFBF2E1005CD0FA /* AlertToast */ = {
			isa = XCSwiftPackageProductDependency;
			package = DD426D372EFBF2E1005CD0FA /* XCRemoteSwiftPackageReference "AlertToast" */;
			productName = AlertToast;
		};
/* End XCSwiftPackageProductDependency section */
	};
	rootObject = DD426D1E2EFBF2BB005CD0FA /* Project object */;
}
